
Microsoft Visual Studio Solution File, Format Version 12.00
# Visual Studio 14
VisualStudioVersion = 14.0.25420.1
MinimumVisualStudioVersion = 10.0.40219.1
Project("{FAE04EC0-301F-11D3-BF4B-00C04F79EFBC}") = "UberStrok.WebServices", "src\UberStrok.WebServices\UberStrok.WebServices.csproj", "{033FDB2F-09EF-4BF0-AB73-6E622703E1C0}"
EndProject
Project("{FAE04EC0-301F-11D3-BF4B-00C04F79EFBC}") = "UberStrok.WebServices.Contracts", "src\UberStrok.WebServices.Contracts\UberStrok.WebServices.Contracts.csproj", "{2B8BCCE1-CF4A-4DC4-8C55-0B18C9C644A4}"
EndProject
Project("{FAE04EC0-301F-11D3-BF4B-00C04F79EFBC}") = "UberStrok.Realtime.Server.Comm", "src\UberStrok.Realtime.Server.Comm\UberStrok.Realtime.Server.Comm.csproj", "{78369A8E-687E-4B7E-AE45-E3F2CEE641A2}"
EndProject
Project("{FAE04EC0-301F-11D3-BF4B-00C04F79EFBC}") = "UberStrok.Realtime", "src\UberStrok.Realtime\UberStrok.Realtime.csproj", "{8582768E-780F-4E5A-AD26-07A14893A1B3}"
EndProject
Project("{FAE04EC0-301F-11D3-BF4B-00C04F79EFBC}") = "UberStok.WebServices.Client", "src\UberStrok.WebServices.Client\UberStok.WebServices.Client.csproj", "{F9FA508B-417F-4863-B19D-B7CF3D771B0F}"
EndProject
Project("{FAE04EC0-301F-11D3-BF4B-00C04F79EFBC}") = "UberStrok.Core.Serialization", "src\UberStrok.Core.Serialization\UberStrok.Core.Serialization.csproj", "{31695DBE-D01C-4EA8-92CC-28541E9E0BC0}"
EndProject
Project("{FAE04EC0-301F-11D3-BF4B-00C04F79EFBC}") = "Uberstrok.Core.Views", "src\UberStrok.Core.Views\Uberstrok.Core.Views.csproj", "{3BAAA4FD-1AF2-4C32-B059-ABF0E111693D}"
EndProject
Project("{FAE04EC0-301F-11D3-BF4B-00C04F79EFBC}") = "UberStrok.Core.Common", "src\UberStrok.Core.Common\UberStrok.Core.Common.csproj", "{F6AA8827-1031-4753-BE08-B0D7F3A98C75}"
EndProject
Project("{FAE04EC0-301F-11D3-BF4B-00C04F79EFBC}") = "UberStrok.Realtime.Server.Game", "src\UberStrok.Realtime.Server.Game\UberStrok.Realtime.Server.Game.csproj", "{030FFB86-1B74-47E5-A5D4-DCBDE195F533}"
EndProject
Project("{FAE04EC0-301F-11D3-BF4B-00C04F79EFBC}") = "UberStrok.Realtime.Server.Comm.Tests", "src\UberStrok.Realtime.Server.Comm.Tests\UberStrok.Realtime.Server.Comm.Tests.csproj", "{116D2F7F-9F5E-4287-B152-BDD31DFF34C4}"
EndProject
Project("{FAE04EC0-301F-11D3-BF4B-00C04F79EFBC}") = "UberStrok.Realtime.Server", "src\UberStrok.Realtime.Server\UberStrok.Realtime.Server.csproj", "{D1F31A89-C971-4FBA-8795-95D79CB420C9}"
EndProject
Project("{2150E333-8FDC-42A3-9474-1A3956D46DE8}") = "core", "core", "{61BF1225-0BEF-40D8-A70B-9A69CDB6D379}"
EndProject
Project("{2150E333-8FDC-42A3-9474-1A3956D46DE8}") = "realtime", "realtime", "{B408F019-9656-4641-BB73-B55BF7DB3F58}"
	ProjectSection(SolutionItems) = preProject
		PhotonServer.config = PhotonServer.config
	EndProjectSection
EndProject
Project("{2150E333-8FDC-42A3-9474-1A3956D46DE8}") = "webservices", "webservices", "{68AB459A-15D6-4F40-B9FC-EFD26B8BA49A}"
EndProject
Project("{2150E333-8FDC-42A3-9474-1A3956D46DE8}") = "tests", "tests", "{CEACCD26-CB32-46CF-8AEA-E3020185AA47}"
EndProject
Project("{2150E333-8FDC-42A3-9474-1A3956D46DE8}") = "tests", "tests", "{4D189442-E12E-4016-BF73-DCBD41AF42BC}"
EndProject
Project("{2150E333-8FDC-42A3-9474-1A3956D46DE8}") = "tests", "tests", "{854F4D7F-5E9F-44E5-AF1C-6BCC721FB6BE}"
EndProject
Project("{FAE04EC0-301F-11D3-BF4B-00C04F79EFBC}") = "UberStrok.Realtime.Client", "src\UberStrok.Realtime.Client\UberStrok.Realtime.Client.csproj", "{07AC73AC-E7F0-463C-A9CD-1538546FD44A}"
EndProject
Project("{FAE04EC0-301F-11D3-BF4B-00C04F79EFBC}") = "UberStrok.WebServices.Client.Tests", "src\UberStrok.WebServices.Client.Tests\UberStrok.WebServices.Client.Tests.csproj", "{3005F905-E2BE-46C3-A249-41CEF098708D}"
EndProject
Project("{2150E333-8FDC-42A3-9474-1A3956D46DE8}") = "gen", "gen", "{A83B68F8-7A05-462E-AFA4-77D5BE488A23}"
EndProject
Project("{FAE04EC0-301F-11D3-BF4B-00C04F79EFBC}") = "UberStrok.CodeGen.Realtime", "src\UberStrok.CodeGen.Realtime\UberStrok.CodeGen.Realtime.csproj", "{FD8539F5-C109-4264-8228-3A0235899E5A}"
EndProject
Global
	GlobalSection(SolutionConfigurationPlatforms) = preSolution
		Debug|Any CPU = Debug|Any CPU
		Release|Any CPU = Release|Any CPU
	EndGlobalSection
	GlobalSection(ProjectConfigurationPlatforms) = postSolution
		{033FDB2F-09EF-4BF0-AB73-6E622703E1C0}.Debug|Any CPU.ActiveCfg = Debug|Any CPU
		{033FDB2F-09EF-4BF0-AB73-6E622703E1C0}.Debug|Any CPU.Build.0 = Debug|Any CPU
		{033FDB2F-09EF-4BF0-AB73-6E622703E1C0}.Release|Any CPU.ActiveCfg = Release|Any CPU
		{033FDB2F-09EF-4BF0-AB73-6E622703E1C0}.Release|Any CPU.Build.0 = Release|Any CPU
		{2B8BCCE1-CF4A-4DC4-8C55-0B18C9C644A4}.Debug|Any CPU.ActiveCfg = Debug|Any CPU
		{2B8BCCE1-CF4A-4DC4-8C55-0B18C9C644A4}.Debug|Any CPU.Build.0 = Debug|Any CPU
		{2B8BCCE1-CF4A-4DC4-8C55-0B18C9C644A4}.Release|Any CPU.ActiveCfg = Release|Any CPU
		{2B8BCCE1-CF4A-4DC4-8C55-0B18C9C644A4}.Release|Any CPU.Build.0 = Release|Any CPU
		{78369A8E-687E-4B7E-AE45-E3F2CEE641A2}.Debug|Any CPU.ActiveCfg = Debug|Any CPU
		{78369A8E-687E-4B7E-AE45-E3F2CEE641A2}.Debug|Any CPU.Build.0 = Debug|Any CPU
		{78369A8E-687E-4B7E-AE45-E3F2CEE641A2}.Release|Any CPU.ActiveCfg = Release|Any CPU
		{78369A8E-687E-4B7E-AE45-E3F2CEE641A2}.Release|Any CPU.Build.0 = Release|Any CPU
		{8582768E-780F-4E5A-AD26-07A14893A1B3}.Debug|Any CPU.ActiveCfg = Debug|Any CPU
		{8582768E-780F-4E5A-AD26-07A14893A1B3}.Debug|Any CPU.Build.0 = Debug|Any CPU
		{8582768E-780F-4E5A-AD26-07A14893A1B3}.Release|Any CPU.ActiveCfg = Release|Any CPU
		{8582768E-780F-4E5A-AD26-07A14893A1B3}.Release|Any CPU.Build.0 = Release|Any CPU
		{F9FA508B-417F-4863-B19D-B7CF3D771B0F}.Debug|Any CPU.ActiveCfg = Debug|Any CPU
		{F9FA508B-417F-4863-B19D-B7CF3D771B0F}.Debug|Any CPU.Build.0 = Debug|Any CPU
		{F9FA508B-417F-4863-B19D-B7CF3D771B0F}.Release|Any CPU.ActiveCfg = Release|Any CPU
		{F9FA508B-417F-4863-B19D-B7CF3D771B0F}.Release|Any CPU.Build.0 = Release|Any CPU
		{31695DBE-D01C-4EA8-92CC-28541E9E0BC0}.Debug|Any CPU.ActiveCfg = Debug|Any CPU
		{31695DBE-D01C-4EA8-92CC-28541E9E0BC0}.Debug|Any CPU.Build.0 = Debug|Any CPU
		{31695DBE-D01C-4EA8-92CC-28541E9E0BC0}.Release|Any CPU.ActiveCfg = Release|Any CPU
		{31695DBE-D01C-4EA8-92CC-28541E9E0BC0}.Release|Any CPU.Build.0 = Release|Any CPU
		{3BAAA4FD-1AF2-4C32-B059-ABF0E111693D}.Debug|Any CPU.ActiveCfg = Debug|Any CPU
		{3BAAA4FD-1AF2-4C32-B059-ABF0E111693D}.Debug|Any CPU.Build.0 = Debug|Any CPU
		{3BAAA4FD-1AF2-4C32-B059-ABF0E111693D}.Release|Any CPU.ActiveCfg = Release|Any CPU
		{3BAAA4FD-1AF2-4C32-B059-ABF0E111693D}.Release|Any CPU.Build.0 = Release|Any CPU
		{F6AA8827-1031-4753-BE08-B0D7F3A98C75}.Debug|Any CPU.ActiveCfg = Debug|Any CPU
		{F6AA8827-1031-4753-BE08-B0D7F3A98C75}.Debug|Any CPU.Build.0 = Debug|Any CPU
		{F6AA8827-1031-4753-BE08-B0D7F3A98C75}.Release|Any CPU.ActiveCfg = Release|Any CPU
		{F6AA8827-1031-4753-BE08-B0D7F3A98C75}.Release|Any CPU.Build.0 = Release|Any CPU
		{030FFB86-1B74-47E5-A5D4-DCBDE195F533}.Debug|Any CPU.ActiveCfg = Debug|Any CPU
		{030FFB86-1B74-47E5-A5D4-DCBDE195F533}.Debug|Any CPU.Build.0 = Debug|Any CPU
		{030FFB86-1B74-47E5-A5D4-DCBDE195F533}.Release|Any CPU.ActiveCfg = Release|Any CPU
		{030FFB86-1B74-47E5-A5D4-DCBDE195F533}.Release|Any CPU.Build.0 = Release|Any CPU
		{116D2F7F-9F5E-4287-B152-BDD31DFF34C4}.Debug|Any CPU.ActiveCfg = Debug|Any CPU
		{116D2F7F-9F5E-4287-B152-BDD31DFF34C4}.Debug|Any CPU.Build.0 = Debug|Any CPU
		{116D2F7F-9F5E-4287-B152-BDD31DFF34C4}.Release|Any CPU.ActiveCfg = Release|Any CPU
		{116D2F7F-9F5E-4287-B152-BDD31DFF34C4}.Release|Any CPU.Build.0 = Release|Any CPU
		{D1F31A89-C971-4FBA-8795-95D79CB420C9}.Debug|Any CPU.ActiveCfg = Debug|Any CPU
		{D1F31A89-C971-4FBA-8795-95D79CB420C9}.Debug|Any CPU.Build.0 = Debug|Any CPU
		{D1F31A89-C971-4FBA-8795-95D79CB420C9}.Release|Any CPU.ActiveCfg = Release|Any CPU
		{D1F31A89-C971-4FBA-8795-95D79CB420C9}.Release|Any CPU.Build.0 = Release|Any CPU
		{07AC73AC-E7F0-463C-A9CD-1538546FD44A}.Debug|Any CPU.ActiveCfg = Debug|Any CPU
		{07AC73AC-E7F0-463C-A9CD-1538546FD44A}.Debug|Any CPU.Build.0 = Debug|Any CPU
		{07AC73AC-E7F0-463C-A9CD-1538546FD44A}.Release|Any CPU.ActiveCfg = Release|Any CPU
		{07AC73AC-E7F0-463C-A9CD-1538546FD44A}.Release|Any CPU.Build.0 = Release|Any CPU
		{3005F905-E2BE-46C3-A249-41CEF098708D}.Debug|Any CPU.ActiveCfg = Debug|Any CPU
		{3005F905-E2BE-46C3-A249-41CEF098708D}.Debug|Any CPU.Build.0 = Debug|Any CPU
		{3005F905-E2BE-46C3-A249-41CEF098708D}.Release|Any CPU.ActiveCfg = Release|Any CPU
		{3005F905-E2BE-46C3-A249-41CEF098708D}.Release|Any CPU.Build.0 = Release|Any CPU
		{FD8539F5-C109-4264-8228-3A0235899E5A}.Debug|Any CPU.ActiveCfg = Debug|Any CPU
		{FD8539F5-C109-4264-8228-3A0235899E5A}.Debug|Any CPU.Build.0 = Debug|Any CPU
		{FD8539F5-C109-4264-8228-3A0235899E5A}.Release|Any CPU.ActiveCfg = Release|Any CPU
		{FD8539F5-C109-4264-8228-3A0235899E5A}.Release|Any CPU.Build.0 = Release|Any CPU
	EndGlobalSection
	GlobalSection(SolutionProperties) = preSolution
		HideSolutionNode = FALSE
	EndGlobalSection
	GlobalSection(NestedProjects) = preSolution
		{033FDB2F-09EF-4BF0-AB73-6E622703E1C0} = {68AB459A-15D6-4F40-B9FC-EFD26B8BA49A}
		{2B8BCCE1-CF4A-4DC4-8C55-0B18C9C644A4} = {68AB459A-15D6-4F40-B9FC-EFD26B8BA49A}
		{78369A8E-687E-4B7E-AE45-E3F2CEE641A2} = {B408F019-9656-4641-BB73-B55BF7DB3F58}
		{8582768E-780F-4E5A-AD26-07A14893A1B3} = {B408F019-9656-4641-BB73-B55BF7DB3F58}
		{F9FA508B-417F-4863-B19D-B7CF3D771B0F} = {68AB459A-15D6-4F40-B9FC-EFD26B8BA49A}
		{31695DBE-D01C-4EA8-92CC-28541E9E0BC0} = {61BF1225-0BEF-40D8-A70B-9A69CDB6D379}
		{3BAAA4FD-1AF2-4C32-B059-ABF0E111693D} = {61BF1225-0BEF-40D8-A70B-9A69CDB6D379}
		{F6AA8827-1031-4753-BE08-B0D7F3A98C75} = {61BF1225-0BEF-40D8-A70B-9A69CDB6D379}
		{030FFB86-1B74-47E5-A5D4-DCBDE195F533} = {B408F019-9656-4641-BB73-B55BF7DB3F58}
		{116D2F7F-9F5E-4287-B152-BDD31DFF34C4} = {CEACCD26-CB32-46CF-8AEA-E3020185AA47}
		{D1F31A89-C971-4FBA-8795-95D79CB420C9} = {B408F019-9656-4641-BB73-B55BF7DB3F58}
		{CEACCD26-CB32-46CF-8AEA-E3020185AA47} = {B408F019-9656-4641-BB73-B55BF7DB3F58}
		{4D189442-E12E-4016-BF73-DCBD41AF42BC} = {68AB459A-15D6-4F40-B9FC-EFD26B8BA49A}
		{854F4D7F-5E9F-44E5-AF1C-6BCC721FB6BE} = {61BF1225-0BEF-40D8-A70B-9A69CDB6D379}
		{07AC73AC-E7F0-463C-A9CD-1538546FD44A} = {B408F019-9656-4641-BB73-B55BF7DB3F58}
		{3005F905-E2BE-46C3-A249-41CEF098708D} = {4D189442-E12E-4016-BF73-DCBD41AF42BC}
		{A83B68F8-7A05-462E-AFA4-77D5BE488A23} = {B408F019-9656-4641-BB73-B55BF7DB3F58}
		{FD8539F5-C109-4264-8228-3A0235899E5A} = {A83B68F8-7A05-462E-AFA4-77D5BE488A23}
	EndGlobalSection
EndGlobal
